#include <iostream>
#include <string>

int main() 
{
    setlocale(LC_CTYPE, "ukr"); // дозволити використання української мови

    // оголошення структури що представляє інформацію про студента
    struct Student 
    {
        std::string lastName;
        int yearOfBirth;
        std::string diagnosis;
        std::string periodOfIllness;
    };

    // створення екземпляра структури для студента Іванова
    Student ivanov;
    ivanov.lastName = "Іванов";
    ivanov.yearOfBirth = 2000;
    ivanov.diagnosis = "грип";
    ivanov.periodOfIllness = "10-20 березня";

    // вивід інформації про студента на екран
    std::cout << "прізвище: " << ivanov.lastName << std::endl;
    std::cout << "рік народження: " << ivanov.yearOfBirth << std::endl;
    std::cout << "діагноз: " << ivanov.diagnosis << std::endl;
    std::cout << "період хвороби: " << ivanov.periodOfIllness << std::endl;

    // зміна діагнозу для студентів з діагнозом "грип"
    if (ivanov.diagnosis == "грип") 
    {
        ivanov.diagnosis = "ГРВІ";
        std::cout << "діагноз змінено на: " << ivanov.diagnosis << std::endl;
    }

    return 0;
}
