#include <iostream>
#include <string>

int main() 
{
    setlocale(LC_CTYPE, "ukr"); // дозволити використання української мови

    // інформація про студента
    std::string lastName = "Іванов"; // прізвище
    int yearOfBirth = 2000; // рік народження
    std::string diagnosis = "грип"; // діагноз
    std::string periodOfIllness = "10-20 березня"; // період хвороби

    // виведення інформації про студента
    std::cout << "прізвище: " << lastName << std::endl;
    std::cout << "рік народження: " << yearOfBirth << std::endl;
    std::cout << "діагноз: " << diagnosis << std::endl;
    std::cout << "період хвороби: " << periodOfIllness << std::endl;
    std::cout << std::endl;

    // зміна діагнозу, якщо студент має грип
    if (diagnosis == "грип") 
    {
        diagnosis = "ГРВІ";
    }

    // виведення оновленої інформації про студента
    std::cout << "оновлена інформація про студента:" << std::endl;
    std::cout << "прізвище: " << lastName << std::endl;
    std::cout << "рік народження: " << yearOfBirth << std::endl;
    std::cout << "діагноз: " << diagnosis << std::endl;
    std::cout << "період хвороби: " << periodOfIllness << std::endl;

    return 0;
}
